
Microsoft Visual Studio Solution File, Format Version 12.00
# Visual Studio 15
VisualStudioVersion = 15.0.28307.572
MinimumVisualStudioVersion = 10.0.40219.1
Project("{FAE04EC0-301F-11D3-BF4B-00C04F79EFBC}") = "MVCreator", "MVCreator\MVCreator.csproj", "{A99FC088-97A2-4930-9788-D506A1AA3A9A}"
EndProject
Global
	GlobalSection(SolutionConfigurationPlatforms) = preSolution
		Debug|Any CPU = Debug|Any CPU
		Release|Any CPU = Release|Any CPU
	EndGlobalSection
	GlobalSection(ProjectConfigurationPlatforms) = postSolution
		{A99FC088-97A2-4930-9788-D506A1AA3A9A}.Debug|Any CPU.ActiveCfg = Debug|Any CPU
		{A99FC088-97A2-4930-9788-D506A1AA3A9A}.Debug|Any CPU.Build.0 = Debug|Any CPU
		{A99FC088-97A2-4930-9788-D506A1AA3A9A}.Release|Any CPU.ActiveCfg = Release|Any CPU
		{A99FC088-97A2-4930-9788-D506A1AA3A9A}.Release|Any CPU.Build.0 = Release|Any CPU
	EndGlobalSection
	GlobalSection(SolutionProperties) = preSolution
		HideSolutionNode = FALSE
	EndGlobalSection
	GlobalSection(ExtensibilityGlobals) = postSolution
		SolutionGuid = {92F9607A-54CD-447A-8E1A-1CD608F2EAA4}
	EndGlobalSection
EndGlobal
